
Microsoft Visual Studio Solution File, Format Version 12.00
# Visual Studio Version 17
VisualStudioVersion = 17.5.002.0
MinimumVisualStudioVersion = 10.0.40219.1
Project("{2150E333-8FDC-42A3-9474-1A3956D46DE8}") = "module", "module", "{EBC8713C-1ED0-4843-843B-B43164B772E4}"
EndProject
Project("{2150E333-8FDC-42A3-9474-1A3956D46DE8}") = "Tasks", "Tasks", "{6468DC0A-0DD7-4CD7-B1BE-0D9BB9D3B18F}"
EndProject
Project("{2150E333-8FDC-42A3-9474-1A3956D46DE8}") = "3-VariableAssignment", "3-VariableAssignment", "{7A9FC51A-7A33-4EB1-B3B9-2867FF0D3F48}"
EndProject
Project("{9A19103F-16F7-4668-BE54-9A1E7A4F7556}") = "SumMethodApp", "module\Tasks\3-VariableAssignment\SumMethodApp\SumMethodApp.csproj", "{54759707-2BC8-4868-8159-F54F9E9C0032}"
EndProject
Global
	GlobalSection(SolutionConfigurationPlatforms) = preSolution
		Debug|Any CPU = Debug|Any CPU
		Release|Any CPU = Release|Any CPU
	EndGlobalSection
	GlobalSection(ProjectConfigurationPlatforms) = postSolution
		{54759707-2BC8-4868-8159-F54F9E9C0032}.Debug|Any CPU.ActiveCfg = Debug|Any CPU
		{54759707-2BC8-4868-8159-F54F9E9C0032}.Debug|Any CPU.Build.0 = Debug|Any CPU
		{54759707-2BC8-4868-8159-F54F9E9C0032}.Release|Any CPU.ActiveCfg = Release|Any CPU
		{54759707-2BC8-4868-8159-F54F9E9C0032}.Release|Any CPU.Build.0 = Release|Any CPU
	EndGlobalSection
	GlobalSection(SolutionProperties) = preSolution
		HideSolutionNode = FALSE
	EndGlobalSection
	GlobalSection(NestedProjects) = preSolution
		{6468DC0A-0DD7-4CD7-B1BE-0D9BB9D3B18F} = {EBC8713C-1ED0-4843-843B-B43164B772E4}
		{7A9FC51A-7A33-4EB1-B3B9-2867FF0D3F48} = {6468DC0A-0DD7-4CD7-B1BE-0D9BB9D3B18F}
		{54759707-2BC8-4868-8159-F54F9E9C0032} = {7A9FC51A-7A33-4EB1-B3B9-2867FF0D3F48}
	EndGlobalSection
	GlobalSection(ExtensibilityGlobals) = postSolution
		SolutionGuid = {450DEE11-D0DB-40BB-903E-1DB01D03FD7F}
	EndGlobalSection
EndGlobal
